
Microsoft Visual Studio Solution File, Format Version 12.00
# Visual Studio Version 17
VisualStudioVersion = 17.13.35931.197 d17.13
MinimumVisualStudioVersion = 10.0.40219.1
Project("{FAE04EC0-301F-11D3-BF4B-00C04F79EFBC}") = "QRBarLib", "QRBarLib\QRBarLib.csproj", "{C372B789-F3BB-42C6-A7D0-164ECD271FDE}"
EndProject
Global
	GlobalSection(SolutionConfigurationPlatforms) = preSolution
		Debug|Any CPU = Debug|Any CPU
		Release|Any CPU = Release|Any CPU
	EndGlobalSection
	GlobalSection(ProjectConfigurationPlatforms) = postSolution
		{C372B789-F3BB-42C6-A7D0-164ECD271FDE}.Debug|Any CPU.ActiveCfg = Debug|Any CPU
		{C372B789-F3BB-42C6-A7D0-164ECD271FDE}.Debug|Any CPU.Build.0 = Debug|Any CPU
		{C372B789-F3BB-42C6-A7D0-164ECD271FDE}.Release|Any CPU.ActiveCfg = Release|Any CPU
		{C372B789-F3BB-42C6-A7D0-164ECD271FDE}.Release|Any CPU.Build.0 = Release|Any CPU
	EndGlobalSection
	GlobalSection(SolutionProperties) = preSolution
		HideSolutionNode = FALSE
	EndGlobalSection
	GlobalSection(ExtensibilityGlobals) = postSolution
		SolutionGuid = {FB11B0CE-A0B6-455B-B7D3-9BA2F221E744}
	EndGlobalSection
EndGlobal
