
Microsoft Visual Studio Solution File, Format Version 12.00
# Visual Studio Version 17
VisualStudioVersion = 17.14.36327.8 d17.14
MinimumVisualStudioVersion = 10.0.40219.1
Project("{FAE04EC0-301F-11D3-BF4B-00C04F79EFBC}") = "ValidadorSistema", "ValidadorSistema\ValidadorSistema.csproj", "{C6C0E570-F1B5-4427-AA91-3EA14BBC8D8D}"
EndProject
Global
	GlobalSection(SolutionConfigurationPlatforms) = preSolution
		Debug|Any CPU = Debug|Any CPU
		Release|Any CPU = Release|Any CPU
	EndGlobalSection
	GlobalSection(ProjectConfigurationPlatforms) = postSolution
		{C6C0E570-F1B5-4427-AA91-3EA14BBC8D8D}.Debug|Any CPU.ActiveCfg = Debug|Any CPU
		{C6C0E570-F1B5-4427-AA91-3EA14BBC8D8D}.Debug|Any CPU.Build.0 = Debug|Any CPU
		{C6C0E570-F1B5-4427-AA91-3EA14BBC8D8D}.Release|Any CPU.ActiveCfg = Release|Any CPU
		{C6C0E570-F1B5-4427-AA91-3EA14BBC8D8D}.Release|Any CPU.Build.0 = Release|Any CPU
	EndGlobalSection
	GlobalSection(SolutionProperties) = preSolution
		HideSolutionNode = FALSE
	EndGlobalSection
	GlobalSection(ExtensibilityGlobals) = postSolution
		SolutionGuid = {1329F565-4655-4CF9-8D55-139D080C3C04}
	EndGlobalSection
EndGlobal
